
Microsoft Visual Studio Solution File, Format Version 12.00
# Visual Studio 15
VisualStudioVersion = 15.0.27130.2026
MinimumVisualStudioVersion = 10.0.40219.1
Project("{FAE04EC0-301F-11D3-BF4B-00C04F79EFBC}") = "BlueDBClient.NET.Test", "BlueDBClient.NET.Test\BlueDBClient.NET.Test.csproj", "{8ACC6B08-FD00-478E-AFEA-388CC8E03D73}"
EndProject
Project("{FAE04EC0-301F-11D3-BF4B-00C04F79EFBC}") = "BlueDBClient.NET", "BlueDBClient.NET\BlueDBClient.NET.csproj", "{B38B874A-9C95-4EB3-8F83-B174F0171746}"
EndProject
Global
	GlobalSection(SolutionConfigurationPlatforms) = preSolution
		Debug|Any CPU = Debug|Any CPU
		Release|Any CPU = Release|Any CPU
	EndGlobalSection
	GlobalSection(ProjectConfigurationPlatforms) = postSolution
		{8ACC6B08-FD00-478E-AFEA-388CC8E03D73}.Debug|Any CPU.ActiveCfg = Debug|Any CPU
		{8ACC6B08-FD00-478E-AFEA-388CC8E03D73}.Debug|Any CPU.Build.0 = Debug|Any CPU
		{8ACC6B08-FD00-478E-AFEA-388CC8E03D73}.Release|Any CPU.ActiveCfg = Release|Any CPU
		{8ACC6B08-FD00-478E-AFEA-388CC8E03D73}.Release|Any CPU.Build.0 = Release|Any CPU
		{B38B874A-9C95-4EB3-8F83-B174F0171746}.Debug|Any CPU.ActiveCfg = Debug|Any CPU
		{B38B874A-9C95-4EB3-8F83-B174F0171746}.Debug|Any CPU.Build.0 = Debug|Any CPU
		{B38B874A-9C95-4EB3-8F83-B174F0171746}.Release|Any CPU.ActiveCfg = Release|Any CPU
		{B38B874A-9C95-4EB3-8F83-B174F0171746}.Release|Any CPU.Build.0 = Release|Any CPU
	EndGlobalSection
	GlobalSection(SolutionProperties) = preSolution
		HideSolutionNode = FALSE
	EndGlobalSection
	GlobalSection(ExtensibilityGlobals) = postSolution
		SolutionGuid = {01D2D644-B8A5-4A6E-B01E-C112C02E9151}
	EndGlobalSection
EndGlobal
